
Microsoft Visual Studio Solution File, Format Version 12.00
# Visual Studio Version 16
VisualStudioVersion = 16.0.31829.152
MinimumVisualStudioVersion = 10.0.40219.1
Project("{FAE04EC0-301F-11D3-BF4B-00C04F79EFBC}") = "RunnerTest", "RunnerTest\RunnerTest.csproj", "{9DC6C5E3-BB24-4841-A0D5-8E7253AFFE3E}"
EndProject
Project("{FAE04EC0-301F-11D3-BF4B-00C04F79EFBC}") = "RunnerTestProject", "RunnerTestProject\RunnerTestProject.csproj", "{36705EB9-705E-4F8A-9EF0-84B71DF76FF3}"
EndProject
Global
	GlobalSection(SolutionConfigurationPlatforms) = preSolution
		Debug|Any CPU = Debug|Any CPU
		Release|Any CPU = Release|Any CPU
	EndGlobalSection
	GlobalSection(ProjectConfigurationPlatforms) = postSolution
		{9DC6C5E3-BB24-4841-A0D5-8E7253AFFE3E}.Debug|Any CPU.ActiveCfg = Debug|Any CPU
		{9DC6C5E3-BB24-4841-A0D5-8E7253AFFE3E}.Debug|Any CPU.Build.0 = Debug|Any CPU
		{9DC6C5E3-BB24-4841-A0D5-8E7253AFFE3E}.Release|Any CPU.ActiveCfg = Release|Any CPU
		{9DC6C5E3-BB24-4841-A0D5-8E7253AFFE3E}.Release|Any CPU.Build.0 = Release|Any CPU
		{36705EB9-705E-4F8A-9EF0-84B71DF76FF3}.Debug|Any CPU.ActiveCfg = Debug|Any CPU
		{36705EB9-705E-4F8A-9EF0-84B71DF76FF3}.Debug|Any CPU.Build.0 = Debug|Any CPU
		{36705EB9-705E-4F8A-9EF0-84B71DF76FF3}.Release|Any CPU.ActiveCfg = Release|Any CPU
		{36705EB9-705E-4F8A-9EF0-84B71DF76FF3}.Release|Any CPU.Build.0 = Release|Any CPU
	EndGlobalSection
	GlobalSection(SolutionProperties) = preSolution
		HideSolutionNode = FALSE
	EndGlobalSection
	GlobalSection(ExtensibilityGlobals) = postSolution
		SolutionGuid = {22726076-0EAD-4F09-898A-CB27A924FDBA}
	EndGlobalSection
EndGlobal
